
Microsoft Visual Studio Solution File, Format Version 12.00
# Visual Studio Version 16
VisualStudioVersion = 16.0.30611.23
MinimumVisualStudioVersion = 10.0.40219.1
Project("{9A19103F-16F7-4668-BE54-9A1E7A4F7556}") = "Prometheace", "Prometheace\Prometheace.csproj", "{1D34B631-E29D-48DD-9AE5-40DEBFD6FDF0}"
EndProject
Project("{9A19103F-16F7-4668-BE54-9A1E7A4F7556}") = "Prometheace.Tests", "Prometheace.Tests\Prometheace.Tests.csproj", "{C63837C2-59A8-44AE-B265-DAE9D2706BE1}"
EndProject
Global
	GlobalSection(SolutionConfigurationPlatforms) = preSolution
		Debug|Any CPU = Debug|Any CPU
		Release|Any CPU = Release|Any CPU
	EndGlobalSection
	GlobalSection(ProjectConfigurationPlatforms) = postSolution
		{1D34B631-E29D-48DD-9AE5-40DEBFD6FDF0}.Debug|Any CPU.ActiveCfg = Debug|Any CPU
		{1D34B631-E29D-48DD-9AE5-40DEBFD6FDF0}.Debug|Any CPU.Build.0 = Debug|Any CPU
		{1D34B631-E29D-48DD-9AE5-40DEBFD6FDF0}.Release|Any CPU.ActiveCfg = Release|Any CPU
		{1D34B631-E29D-48DD-9AE5-40DEBFD6FDF0}.Release|Any CPU.Build.0 = Release|Any CPU
		{C63837C2-59A8-44AE-B265-DAE9D2706BE1}.Debug|Any CPU.ActiveCfg = Debug|Any CPU
		{C63837C2-59A8-44AE-B265-DAE9D2706BE1}.Debug|Any CPU.Build.0 = Debug|Any CPU
		{C63837C2-59A8-44AE-B265-DAE9D2706BE1}.Release|Any CPU.ActiveCfg = Release|Any CPU
		{C63837C2-59A8-44AE-B265-DAE9D2706BE1}.Release|Any CPU.Build.0 = Release|Any CPU
	EndGlobalSection
	GlobalSection(SolutionProperties) = preSolution
		HideSolutionNode = FALSE
	EndGlobalSection
	GlobalSection(ExtensibilityGlobals) = postSolution
		SolutionGuid = {52E6B4A4-0787-473D-BF6E-70603C42E972}
	EndGlobalSection
EndGlobal
